
Microsoft Visual Studio Solution File, Format Version 12.00
# Visual Studio Version 16
VisualStudioVersion = 16.0.32413.511
MinimumVisualStudioVersion = 10.0.40219.1
Project("{9A19103F-16F7-4668-BE54-9A1E7A4F7556}") = "WpfLeisure", "WpfLeisure\WpfLeisure.csproj", "{A149AEBB-3775-4038-A1A9-7626D845BBBB}"
EndProject
Project("{FAE04EC0-301F-11D3-BF4B-00C04F79EFBC}") = "Core", "Core\Core.csproj", "{40A53275-D1C7-45AD-AE19-12C1390E86ED}"
EndProject
Project("{9A19103F-16F7-4668-BE54-9A1E7A4F7556}") = "ApiLeisure", "ApiLeisure\ApiLeisure.csproj", "{0D68C460-CFAB-43B5-B1C9-29FF9E4FBF74}"
EndProject
Project("{9A19103F-16F7-4668-BE54-9A1E7A4F7556}") = "WebLeisure", "WebLeisure\WebLeisure.csproj", "{67B0A615-D26B-4AE7-BD4C-B80FB0852B3D}"
EndProject
Project("{FAE04EC0-301F-11D3-BF4B-00C04F79EFBC}") = "LeisureTest", "LeisureTest\LeisureTest.csproj", "{CF380BFC-33F8-41ED-8F50-34116B09F52D}"
EndProject
Global
	GlobalSection(SolutionConfigurationPlatforms) = preSolution
		Debug|Any CPU = Debug|Any CPU
		Release|Any CPU = Release|Any CPU
	EndGlobalSection
	GlobalSection(ProjectConfigurationPlatforms) = postSolution
		{A149AEBB-3775-4038-A1A9-7626D845BBBB}.Debug|Any CPU.ActiveCfg = Debug|Any CPU
		{A149AEBB-3775-4038-A1A9-7626D845BBBB}.Debug|Any CPU.Build.0 = Debug|Any CPU
		{A149AEBB-3775-4038-A1A9-7626D845BBBB}.Release|Any CPU.ActiveCfg = Release|Any CPU
		{A149AEBB-3775-4038-A1A9-7626D845BBBB}.Release|Any CPU.Build.0 = Release|Any CPU
		{40A53275-D1C7-45AD-AE19-12C1390E86ED}.Debug|Any CPU.ActiveCfg = Debug|Any CPU
		{40A53275-D1C7-45AD-AE19-12C1390E86ED}.Debug|Any CPU.Build.0 = Debug|Any CPU
		{40A53275-D1C7-45AD-AE19-12C1390E86ED}.Release|Any CPU.ActiveCfg = Release|Any CPU
		{40A53275-D1C7-45AD-AE19-12C1390E86ED}.Release|Any CPU.Build.0 = Release|Any CPU
		{0D68C460-CFAB-43B5-B1C9-29FF9E4FBF74}.Debug|Any CPU.ActiveCfg = Debug|Any CPU
		{0D68C460-CFAB-43B5-B1C9-29FF9E4FBF74}.Debug|Any CPU.Build.0 = Debug|Any CPU
		{0D68C460-CFAB-43B5-B1C9-29FF9E4FBF74}.Release|Any CPU.ActiveCfg = Release|Any CPU
		{0D68C460-CFAB-43B5-B1C9-29FF9E4FBF74}.Release|Any CPU.Build.0 = Release|Any CPU
		{67B0A615-D26B-4AE7-BD4C-B80FB0852B3D}.Debug|Any CPU.ActiveCfg = Debug|Any CPU
		{67B0A615-D26B-4AE7-BD4C-B80FB0852B3D}.Debug|Any CPU.Build.0 = Debug|Any CPU
		{67B0A615-D26B-4AE7-BD4C-B80FB0852B3D}.Release|Any CPU.ActiveCfg = Release|Any CPU
		{67B0A615-D26B-4AE7-BD4C-B80FB0852B3D}.Release|Any CPU.Build.0 = Release|Any CPU
		{CF380BFC-33F8-41ED-8F50-34116B09F52D}.Debug|Any CPU.ActiveCfg = Debug|Any CPU
		{CF380BFC-33F8-41ED-8F50-34116B09F52D}.Debug|Any CPU.Build.0 = Debug|Any CPU
		{CF380BFC-33F8-41ED-8F50-34116B09F52D}.Release|Any CPU.ActiveCfg = Release|Any CPU
		{CF380BFC-33F8-41ED-8F50-34116B09F52D}.Release|Any CPU.Build.0 = Release|Any CPU
	EndGlobalSection
	GlobalSection(SolutionProperties) = preSolution
		HideSolutionNode = FALSE
	EndGlobalSection
	GlobalSection(ExtensibilityGlobals) = postSolution
		SolutionGuid = {FD38C8CD-B62D-4451-9313-80D9349496A6}
	EndGlobalSection
EndGlobal
